{
  "name": "@joseph-leedy/express-magento2-oauth",
  "version": "0.1.0",
  "lockfileVersion": 3,
  "requires": true,
  "packages": {
    "": {
      "name": "@joseph-leedy/express-magento2-oauth",
      "version": "0.1.0",
      "license": "MIT",
      "devDependencies": {},
      "engines": {
        "node": ">=18.0.0 < 22.0.0",
        "npm": "^10"
      }
    }
  }
}
